
Microsoft Visual Studio Solution File, Format Version 12.00
# Visual Studio Version 17
VisualStudioVersion = 17.5.002.0
MinimumVisualStudioVersion = 10.0.40219.1
Project("{9A19103F-16F7-4668-BE54-9A1E7A4F7556}") = "03-ObjectsCreation2", "03-ConstructorsAndOverload\03-ObjectsCreation2.csproj", "{4157DD91-A951-4D73-8B6E-6C54F534506B}"
EndProject
Project("{9A19103F-16F7-4668-BE54-9A1E7A4F7556}") = "02-ObjectsCreation", "02-ObjectsCreation\02-ObjectsCreation.csproj", "{F84F4084-E78A-4DFA-9D5C-62083934F1EB}"
EndProject
Project("{FAE04EC0-301F-11D3-BF4B-00C04F79EFBC}") = "04-MethodOverload", "04-MethodOverload\04-MethodOverload.csproj", "{97BE0C93-47C7-40C5-88D8-0FF7C66B3E46}"
EndProject
Project("{FAE04EC0-301F-11D3-BF4B-00C04F79EFBC}") = "05-WepApiDemo", "05-WepApiDemo\05-WepApiDemo.csproj", "{EC5F1EC3-F8E7-4C73-B3FF-A982B47323BC}"
EndProject
Project("{FAE04EC0-301F-11D3-BF4B-00C04F79EFBC}") = "06-ReferenceProjectInClass", "06-ReferenceProjectInClass\06-ReferenceProjectInClass.csproj", "{2150E25C-FC2F-4DDA-AEE6-A3A3DAB0393C}"
EndProject
Global
	GlobalSection(SolutionConfigurationPlatforms) = preSolution
		Debug|Any CPU = Debug|Any CPU
		Release|Any CPU = Release|Any CPU
	EndGlobalSection
	GlobalSection(ProjectConfigurationPlatforms) = postSolution
		{4157DD91-A951-4D73-8B6E-6C54F534506B}.Debug|Any CPU.ActiveCfg = Debug|Any CPU
		{4157DD91-A951-4D73-8B6E-6C54F534506B}.Debug|Any CPU.Build.0 = Debug|Any CPU
		{4157DD91-A951-4D73-8B6E-6C54F534506B}.Release|Any CPU.ActiveCfg = Release|Any CPU
		{4157DD91-A951-4D73-8B6E-6C54F534506B}.Release|Any CPU.Build.0 = Release|Any CPU
		{F84F4084-E78A-4DFA-9D5C-62083934F1EB}.Debug|Any CPU.ActiveCfg = Debug|Any CPU
		{F84F4084-E78A-4DFA-9D5C-62083934F1EB}.Debug|Any CPU.Build.0 = Debug|Any CPU
		{F84F4084-E78A-4DFA-9D5C-62083934F1EB}.Release|Any CPU.ActiveCfg = Release|Any CPU
		{F84F4084-E78A-4DFA-9D5C-62083934F1EB}.Release|Any CPU.Build.0 = Release|Any CPU
		{97BE0C93-47C7-40C5-88D8-0FF7C66B3E46}.Debug|Any CPU.ActiveCfg = Debug|Any CPU
		{97BE0C93-47C7-40C5-88D8-0FF7C66B3E46}.Debug|Any CPU.Build.0 = Debug|Any CPU
		{97BE0C93-47C7-40C5-88D8-0FF7C66B3E46}.Release|Any CPU.ActiveCfg = Release|Any CPU
		{97BE0C93-47C7-40C5-88D8-0FF7C66B3E46}.Release|Any CPU.Build.0 = Release|Any CPU
		{EC5F1EC3-F8E7-4C73-B3FF-A982B47323BC}.Debug|Any CPU.ActiveCfg = Debug|Any CPU
		{EC5F1EC3-F8E7-4C73-B3FF-A982B47323BC}.Debug|Any CPU.Build.0 = Debug|Any CPU
		{EC5F1EC3-F8E7-4C73-B3FF-A982B47323BC}.Release|Any CPU.ActiveCfg = Release|Any CPU
		{EC5F1EC3-F8E7-4C73-B3FF-A982B47323BC}.Release|Any CPU.Build.0 = Release|Any CPU
		{2150E25C-FC2F-4DDA-AEE6-A3A3DAB0393C}.Debug|Any CPU.ActiveCfg = Debug|Any CPU
		{2150E25C-FC2F-4DDA-AEE6-A3A3DAB0393C}.Debug|Any CPU.Build.0 = Debug|Any CPU
		{2150E25C-FC2F-4DDA-AEE6-A3A3DAB0393C}.Release|Any CPU.ActiveCfg = Release|Any CPU
		{2150E25C-FC2F-4DDA-AEE6-A3A3DAB0393C}.Release|Any CPU.Build.0 = Release|Any CPU
	EndGlobalSection
	GlobalSection(SolutionProperties) = preSolution
		HideSolutionNode = FALSE
	EndGlobalSection
	GlobalSection(ExtensibilityGlobals) = postSolution
		SolutionGuid = {1916EEE6-BF5C-4A9E-AB42-4630B2976FED}
	EndGlobalSection
EndGlobal
